
Microsoft Visual Studio Solution File, Format Version 12.00
# Visual Studio Version 16
VisualStudioVersion = 16.0.29728.190
MinimumVisualStudioVersion = 10.0.40219.1
Project("{FAE04EC0-301F-11D3-BF4B-00C04F79EFBC}") = "eUseControl", "eUseControl\eUseControl.csproj", "{559AFAE0-8E96-452E-BBDB-2E49F4F25C31}"
EndProject
Project("{FAE04EC0-301F-11D3-BF4B-00C04F79EFBC}") = "eUseControl.BusinessLogic", "eUseControl.BusinessLogic\eUseControl.BusinessLogic.csproj", "{C7B628A6-2CF5-4889-A9EB-697043DD1F58}"
EndProject
Project("{FAE04EC0-301F-11D3-BF4B-00C04F79EFBC}") = "eUseControl.Domain", "eUseControl.Domain\eUseControl.Domain.csproj", "{B2A110BF-F20E-4711-A9E5-C5FEBEBD4975}"
EndProject
Project("{FAE04EC0-301F-11D3-BF4B-00C04F79EFBC}") = "eUseControl.Helpers", "eUseControl.Helpers\eUseControl.Helpers.csproj", "{3C45BE58-58CF-4C07-B60A-F8FCB4A2670F}"
EndProject
Global
	GlobalSection(SolutionConfigurationPlatforms) = preSolution
		Debug|Any CPU = Debug|Any CPU
		Release|Any CPU = Release|Any CPU
	EndGlobalSection
	GlobalSection(ProjectConfigurationPlatforms) = postSolution
		{559AFAE0-8E96-452E-BBDB-2E49F4F25C31}.Debug|Any CPU.ActiveCfg = Debug|Any CPU
		{559AFAE0-8E96-452E-BBDB-2E49F4F25C31}.Debug|Any CPU.Build.0 = Debug|Any CPU
		{559AFAE0-8E96-452E-BBDB-2E49F4F25C31}.Release|Any CPU.ActiveCfg = Release|Any CPU
		{559AFAE0-8E96-452E-BBDB-2E49F4F25C31}.Release|Any CPU.Build.0 = Release|Any CPU
		{C7B628A6-2CF5-4889-A9EB-697043DD1F58}.Debug|Any CPU.ActiveCfg = Debug|Any CPU
		{C7B628A6-2CF5-4889-A9EB-697043DD1F58}.Debug|Any CPU.Build.0 = Debug|Any CPU
		{C7B628A6-2CF5-4889-A9EB-697043DD1F58}.Release|Any CPU.ActiveCfg = Release|Any CPU
		{C7B628A6-2CF5-4889-A9EB-697043DD1F58}.Release|Any CPU.Build.0 = Release|Any CPU
		{B2A110BF-F20E-4711-A9E5-C5FEBEBD4975}.Debug|Any CPU.ActiveCfg = Debug|Any CPU
		{B2A110BF-F20E-4711-A9E5-C5FEBEBD4975}.Debug|Any CPU.Build.0 = Debug|Any CPU
		{B2A110BF-F20E-4711-A9E5-C5FEBEBD4975}.Release|Any CPU.ActiveCfg = Release|Any CPU
		{B2A110BF-F20E-4711-A9E5-C5FEBEBD4975}.Release|Any CPU.Build.0 = Release|Any CPU
		{3C45BE58-58CF-4C07-B60A-F8FCB4A2670F}.Debug|Any CPU.ActiveCfg = Debug|Any CPU
		{3C45BE58-58CF-4C07-B60A-F8FCB4A2670F}.Debug|Any CPU.Build.0 = Debug|Any CPU
		{3C45BE58-58CF-4C07-B60A-F8FCB4A2670F}.Release|Any CPU.ActiveCfg = Release|Any CPU
		{3C45BE58-58CF-4C07-B60A-F8FCB4A2670F}.Release|Any CPU.Build.0 = Release|Any CPU
	EndGlobalSection
	GlobalSection(SolutionProperties) = preSolution
		HideSolutionNode = FALSE
	EndGlobalSection
	GlobalSection(ExtensibilityGlobals) = postSolution
		SolutionGuid = {46382D7B-8202-4C65-8D95-F5C13BF45591}
	EndGlobalSection
EndGlobal
